
Microsoft Visual Studio Solution File, Format Version 12.00
# Visual Studio 15
VisualStudioVersion = 15.0.28307.779
MinimumVisualStudioVersion = 10.0.40219.1
Project("{FAE04EC0-301F-11D3-BF4B-00C04F79EFBC}") = "orkut2x.Android", "orkut2x\orkut2x.Android\orkut2x.Android.csproj", "{9AE605BB-DCB4-4FC6-8B0C-EDD85FE65835}"
EndProject
Project("{FAE04EC0-301F-11D3-BF4B-00C04F79EFBC}") = "orkut2x.iOS", "orkut2x\orkut2x.iOS\orkut2x.iOS.csproj", "{A0E5700E-21E8-4479-876F-65AB41EF053F}"
EndProject
Project("{FAE04EC0-301F-11D3-BF4B-00C04F79EFBC}") = "orkut2x", "orkut2x\orkut2x\orkut2x.csproj", "{F37AD93E-8B4A-430A-A15E-4085B126EBF0}"
EndProject
Global
	GlobalSection(SolutionConfigurationPlatforms) = preSolution
		Ad-Hoc|Any CPU = Ad-Hoc|Any CPU
		Ad-Hoc|iPhone = Ad-Hoc|iPhone
		Ad-Hoc|iPhoneSimulator = Ad-Hoc|iPhoneSimulator
		AppStore|Any CPU = AppStore|Any CPU
		AppStore|iPhone = AppStore|iPhone
		AppStore|iPhoneSimulator = AppStore|iPhoneSimulator
		Debug|Any CPU = Debug|Any CPU
		Debug|iPhone = Debug|iPhone
		Debug|iPhoneSimulator = Debug|iPhoneSimulator
		Release|Any CPU = Release|Any CPU
		Release|iPhone = Release|iPhone
		Release|iPhoneSimulator = Release|iPhoneSimulator
	EndGlobalSection
	GlobalSection(ProjectConfigurationPlatforms) = postSolution
		{9AE605BB-DCB4-4FC6-8B0C-EDD85FE65835}.Ad-Hoc|Any CPU.ActiveCfg = Release|Any CPU
		{9AE605BB-DCB4-4FC6-8B0C-EDD85FE65835}.Ad-Hoc|Any CPU.Build.0 = Release|Any CPU
		{9AE605BB-DCB4-4FC6-8B0C-EDD85FE65835}.Ad-Hoc|Any CPU.Deploy.0 = Release|Any CPU
		{9AE605BB-DCB4-4FC6-8B0C-EDD85FE65835}.Ad-Hoc|iPhone.ActiveCfg = Release|Any CPU
		{9AE605BB-DCB4-4FC6-8B0C-EDD85FE65835}.Ad-Hoc|iPhone.Build.0 = Release|Any CPU
		{9AE605BB-DCB4-4FC6-8B0C-EDD85FE65835}.Ad-Hoc|iPhone.Deploy.0 = Release|Any CPU
		{9AE605BB-DCB4-4FC6-8B0C-EDD85FE65835}.Ad-Hoc|iPhoneSimulator.ActiveCfg = Release|Any CPU
		{9AE605BB-DCB4-4FC6-8B0C-EDD85FE65835}.Ad-Hoc|iPhoneSimulator.Build.0 = Release|Any CPU
		{9AE605BB-DCB4-4FC6-8B0C-EDD85FE65835}.Ad-Hoc|iPhoneSimulator.Deploy.0 = Release|Any CPU
		{9AE605BB-DCB4-4FC6-8B0C-EDD85FE65835}.AppStore|Any CPU.ActiveCfg = Release|Any CPU
		{9AE605BB-DCB4-4FC6-8B0C-EDD85FE65835}.AppStore|Any CPU.Build.0 = Release|Any CPU
		{9AE605BB-DCB4-4FC6-8B0C-EDD85FE65835}.AppStore|Any CPU.Deploy.0 = Release|Any CPU
		{9AE605BB-DCB4-4FC6-8B0C-EDD85FE65835}.AppStore|iPhone.ActiveCfg = Release|Any CPU
		{9AE605BB-DCB4-4FC6-8B0C-EDD85FE65835}.AppStore|iPhone.Build.0 = Release|Any CPU
		{9AE605BB-DCB4-4FC6-8B0C-EDD85FE65835}.AppStore|iPhone.Deploy.0 = Release|Any CPU
		{9AE605BB-DCB4-4FC6-8B0C-EDD85FE65835}.AppStore|iPhoneSimulator.ActiveCfg = Release|Any CPU
		{9AE605BB-DCB4-4FC6-8B0C-EDD85FE65835}.AppStore|iPhoneSimulator.Build.0 = Release|Any CPU
		{9AE605BB-DCB4-4FC6-8B0C-EDD85FE65835}.AppStore|iPhoneSimulator.Deploy.0 = Release|Any CPU
		{9AE605BB-DCB4-4FC6-8B0C-EDD85FE65835}.Debug|Any CPU.ActiveCfg = Debug|Any CPU
		{9AE605BB-DCB4-4FC6-8B0C-EDD85FE65835}.Debug|Any CPU.Build.0 = Debug|Any CPU
		{9AE605BB-DCB4-4FC6-8B0C-EDD85FE65835}.Debug|Any CPU.Deploy.0 = Debug|Any CPU
		{9AE605BB-DCB4-4FC6-8B0C-EDD85FE65835}.Debug|iPhone.ActiveCfg = Debug|Any CPU
		{9AE605BB-DCB4-4FC6-8B0C-EDD85FE65835}.Debug|iPhone.Build.0 = Debug|Any CPU
		{9AE605BB-DCB4-4FC6-8B0C-EDD85FE65835}.Debug|iPhone.Deploy.0 = Debug|Any CPU
		{9AE605BB-DCB4-4FC6-8B0C-EDD85FE65835}.Debug|iPhoneSimulator.ActiveCfg = Debug|Any CPU
		{9AE605BB-DCB4-4FC6-8B0C-EDD85FE65835}.Debug|iPhoneSimulator.Build.0 = Debug|Any CPU
		{9AE605BB-DCB4-4FC6-8B0C-EDD85FE65835}.Debug|iPhoneSimulator.Deploy.0 = Debug|Any CPU
		{9AE605BB-DCB4-4FC6-8B0C-EDD85FE65835}.Release|Any CPU.ActiveCfg = Release|Any CPU
		{9AE605BB-DCB4-4FC6-8B0C-EDD85FE65835}.Release|Any CPU.Build.0 = Release|Any CPU
		{9AE605BB-DCB4-4FC6-8B0C-EDD85FE65835}.Release|Any CPU.Deploy.0 = Release|Any CPU
		{9AE605BB-DCB4-4FC6-8B0C-EDD85FE65835}.Release|iPhone.ActiveCfg = Release|Any CPU
		{9AE605BB-DCB4-4FC6-8B0C-EDD85FE65835}.Release|iPhone.Build.0 = Release|Any CPU
		{9AE605BB-DCB4-4FC6-8B0C-EDD85FE65835}.Release|iPhone.Deploy.0 = Release|Any CPU
		{9AE605BB-DCB4-4FC6-8B0C-EDD85FE65835}.Release|iPhoneSimulator.ActiveCfg = Release|Any CPU
		{9AE605BB-DCB4-4FC6-8B0C-EDD85FE65835}.Release|iPhoneSimulator.Build.0 = Release|Any CPU
		{9AE605BB-DCB4-4FC6-8B0C-EDD85FE65835}.Release|iPhoneSimulator.Deploy.0 = Release|Any CPU
		{A0E5700E-21E8-4479-876F-65AB41EF053F}.Ad-Hoc|Any CPU.ActiveCfg = Ad-Hoc|iPhone
		{A0E5700E-21E8-4479-876F-65AB41EF053F}.Ad-Hoc|Any CPU.Build.0 = Ad-Hoc|iPhone
		{A0E5700E-21E8-4479-876F-65AB41EF053F}.Ad-Hoc|Any CPU.Deploy.0 = Ad-Hoc|iPhone
		{A0E5700E-21E8-4479-876F-65AB41EF053F}.Ad-Hoc|iPhone.ActiveCfg = Ad-Hoc|iPhone
		{A0E5700E-21E8-4479-876F-65AB41EF053F}.Ad-Hoc|iPhone.Build.0 = Ad-Hoc|iPhone
		{A0E5700E-21E8-4479-876F-65AB41EF053F}.Ad-Hoc|iPhone.Deploy.0 = Ad-Hoc|iPhone
		{A0E5700E-21E8-4479-876F-65AB41EF053F}.Ad-Hoc|iPhoneSimulator.ActiveCfg = Ad-Hoc|iPhoneSimulator
		{A0E5700E-21E8-4479-876F-65AB41EF053F}.Ad-Hoc|iPhoneSimulator.Build.0 = Ad-Hoc|iPhoneSimulator
		{A0E5700E-21E8-4479-876F-65AB41EF053F}.Ad-Hoc|iPhoneSimulator.Deploy.0 = Ad-Hoc|iPhoneSimulator
		{A0E5700E-21E8-4479-876F-65AB41EF053F}.AppStore|Any CPU.ActiveCfg = AppStore|iPhone
		{A0E5700E-21E8-4479-876F-65AB41EF053F}.AppStore|Any CPU.Build.0 = AppStore|iPhone
		{A0E5700E-21E8-4479-876F-65AB41EF053F}.AppStore|Any CPU.Deploy.0 = AppStore|iPhone
		{A0E5700E-21E8-4479-876F-65AB41EF053F}.AppStore|iPhone.ActiveCfg = AppStore|iPhone
		{A0E5700E-21E8-4479-876F-65AB41EF053F}.AppStore|iPhone.Build.0 = AppStore|iPhone
		{A0E5700E-21E8-4479-876F-65AB41EF053F}.AppStore|iPhone.Deploy.0 = AppStore|iPhone
		{A0E5700E-21E8-4479-876F-65AB41EF053F}.AppStore|iPhoneSimulator.ActiveCfg = AppStore|iPhoneSimulator
		{A0E5700E-21E8-4479-876F-65AB41EF053F}.AppStore|iPhoneSimulator.Build.0 = AppStore|iPhoneSimulator
		{A0E5700E-21E8-4479-876F-65AB41EF053F}.AppStore|iPhoneSimulator.Deploy.0 = AppStore|iPhoneSimulator
		{A0E5700E-21E8-4479-876F-65AB41EF053F}.Debug|Any CPU.ActiveCfg = Debug|iPhoneSimulator
		{A0E5700E-21E8-4479-876F-65AB41EF053F}.Debug|Any CPU.Build.0 = Debug|iPhoneSimulator
		{A0E5700E-21E8-4479-876F-65AB41EF053F}.Debug|Any CPU.Deploy.0 = Debug|iPhoneSimulator
		{A0E5700E-21E8-4479-876F-65AB41EF053F}.Debug|iPhone.ActiveCfg = Debug|iPhone
		{A0E5700E-21E8-4479-876F-65AB41EF053F}.Debug|iPhone.Build.0 = Debug|iPhone
		{A0E5700E-21E8-4479-876F-65AB41EF053F}.Debug|iPhone.Deploy.0 = Debug|iPhone
		{A0E5700E-21E8-4479-876F-65AB41EF053F}.Debug|iPhoneSimulator.ActiveCfg = Debug|iPhoneSimulator
		{A0E5700E-21E8-4479-876F-65AB41EF053F}.Debug|iPhoneSimulator.Build.0 = Debug|iPhoneSimulator
		{A0E5700E-21E8-4479-876F-65AB41EF053F}.Debug|iPhoneSimulator.Deploy.0 = Debug|iPhoneSimulator
		{A0E5700E-21E8-4479-876F-65AB41EF053F}.Release|Any CPU.ActiveCfg = Release|iPhone
		{A0E5700E-21E8-4479-876F-65AB41EF053F}.Release|Any CPU.Build.0 = Release|iPhone
		{A0E5700E-21E8-4479-876F-65AB41EF053F}.Release|Any CPU.Deploy.0 = Release|iPhone
		{A0E5700E-21E8-4479-876F-65AB41EF053F}.Release|iPhone.ActiveCfg = Release|iPhone
		{A0E5700E-21E8-4479-876F-65AB41EF053F}.Release|iPhone.Build.0 = Release|iPhone
		{A0E5700E-21E8-4479-876F-65AB41EF053F}.Release|iPhone.Deploy.0 = Release|iPhone
		{A0E5700E-21E8-4479-876F-65AB41EF053F}.Release|iPhoneSimulator.ActiveCfg = Release|iPhoneSimulator
		{A0E5700E-21E8-4479-876F-65AB41EF053F}.Release|iPhoneSimulator.Build.0 = Release|iPhoneSimulator
		{A0E5700E-21E8-4479-876F-65AB41EF053F}.Release|iPhoneSimulator.Deploy.0 = Release|iPhoneSimulator
		{F37AD93E-8B4A-430A-A15E-4085B126EBF0}.Ad-Hoc|Any CPU.ActiveCfg = Debug|Any CPU
		{F37AD93E-8B4A-430A-A15E-4085B126EBF0}.Ad-Hoc|Any CPU.Build.0 = Debug|Any CPU
		{F37AD93E-8B4A-430A-A15E-4085B126EBF0}.Ad-Hoc|Any CPU.Deploy.0 = Debug|Any CPU
		{F37AD93E-8B4A-430A-A15E-4085B126EBF0}.Ad-Hoc|iPhone.ActiveCfg = Debug|Any CPU
		{F37AD93E-8B4A-430A-A15E-4085B126EBF0}.Ad-Hoc|iPhone.Build.0 = Debug|Any CPU
		{F37AD93E-8B4A-430A-A15E-4085B126EBF0}.Ad-Hoc|iPhone.Deploy.0 = Debug|Any CPU
		{F37AD93E-8B4A-430A-A15E-4085B126EBF0}.Ad-Hoc|iPhoneSimulator.ActiveCfg = Debug|Any CPU
		{F37AD93E-8B4A-430A-A15E-4085B126EBF0}.Ad-Hoc|iPhoneSimulator.Build.0 = Debug|Any CPU
		{F37AD93E-8B4A-430A-A15E-4085B126EBF0}.Ad-Hoc|iPhoneSimulator.Deploy.0 = Debug|Any CPU
		{F37AD93E-8B4A-430A-A15E-4085B126EBF0}.AppStore|Any CPU.ActiveCfg = Debug|Any CPU
		{F37AD93E-8B4A-430A-A15E-4085B126EBF0}.AppStore|Any CPU.Build.0 = Debug|Any CPU
		{F37AD93E-8B4A-430A-A15E-4085B126EBF0}.AppStore|Any CPU.Deploy.0 = Debug|Any CPU
		{F37AD93E-8B4A-430A-A15E-4085B126EBF0}.AppStore|iPhone.ActiveCfg = Debug|Any CPU
		{F37AD93E-8B4A-430A-A15E-4085B126EBF0}.AppStore|iPhone.Build.0 = Debug|Any CPU
		{F37AD93E-8B4A-430A-A15E-4085B126EBF0}.AppStore|iPhone.Deploy.0 = Debug|Any CPU
		{F37AD93E-8B4A-430A-A15E-4085B126EBF0}.AppStore|iPhoneSimulator.ActiveCfg = Debug|Any CPU
		{F37AD93E-8B4A-430A-A15E-4085B126EBF0}.AppStore|iPhoneSimulator.Build.0 = Debug|Any CPU
		{F37AD93E-8B4A-430A-A15E-4085B126EBF0}.AppStore|iPhoneSimulator.Deploy.0 = Debug|Any CPU
		{F37AD93E-8B4A-430A-A15E-4085B126EBF0}.Debug|Any CPU.ActiveCfg = Debug|Any CPU
		{F37AD93E-8B4A-430A-A15E-4085B126EBF0}.Debug|Any CPU.Build.0 = Debug|Any CPU
		{F37AD93E-8B4A-430A-A15E-4085B126EBF0}.Debug|Any CPU.Deploy.0 = Debug|Any CPU
		{F37AD93E-8B4A-430A-A15E-4085B126EBF0}.Debug|iPhone.ActiveCfg = Debug|Any CPU
		{F37AD93E-8B4A-430A-A15E-4085B126EBF0}.Debug|iPhone.Build.0 = Debug|Any CPU
		{F37AD93E-8B4A-430A-A15E-4085B126EBF0}.Debug|iPhone.Deploy.0 = Debug|Any CPU
		{F37AD93E-8B4A-430A-A15E-4085B126EBF0}.Debug|iPhoneSimulator.ActiveCfg = Debug|Any CPU
		{F37AD93E-8B4A-430A-A15E-4085B126EBF0}.Debug|iPhoneSimulator.Build.0 = Debug|Any CPU
		{F37AD93E-8B4A-430A-A15E-4085B126EBF0}.Debug|iPhoneSimulator.Deploy.0 = Debug|Any CPU
		{F37AD93E-8B4A-430A-A15E-4085B126EBF0}.Release|Any CPU.ActiveCfg = Release|Any CPU
		{F37AD93E-8B4A-430A-A15E-4085B126EBF0}.Release|Any CPU.Build.0 = Release|Any CPU
		{F37AD93E-8B4A-430A-A15E-4085B126EBF0}.Release|Any CPU.Deploy.0 = Release|Any CPU
		{F37AD93E-8B4A-430A-A15E-4085B126EBF0}.Release|iPhone.ActiveCfg = Release|Any CPU
		{F37AD93E-8B4A-430A-A15E-4085B126EBF0}.Release|iPhone.Build.0 = Release|Any CPU
		{F37AD93E-8B4A-430A-A15E-4085B126EBF0}.Release|iPhone.Deploy.0 = Release|Any CPU
		{F37AD93E-8B4A-430A-A15E-4085B126EBF0}.Release|iPhoneSimulator.ActiveCfg = Release|Any CPU
		{F37AD93E-8B4A-430A-A15E-4085B126EBF0}.Release|iPhoneSimulator.Build.0 = Release|Any CPU
		{F37AD93E-8B4A-430A-A15E-4085B126EBF0}.Release|iPhoneSimulator.Deploy.0 = Release|Any CPU
	EndGlobalSection
	GlobalSection(SolutionProperties) = preSolution
		HideSolutionNode = FALSE
	EndGlobalSection
	GlobalSection(ExtensibilityGlobals) = postSolution
		SolutionGuid = {D7FA06D8-560B-4DFE-851C-7814C4B6983B}
	EndGlobalSection
EndGlobal
